
Microsoft Visual Studio Solution File, Format Version 12.00
# Visual Studio Version 16
VisualStudioVersion = 16.0.31129.286
MinimumVisualStudioVersion = 10.0.40219.1
Project("{FAE04EC0-301F-11D3-BF4B-00C04F79EFBC}") = "AsyncPractice", "AsyncPractice\AsyncPractice.csproj", "{5B23BA4C-9AB2-420E-8863-66F5B904E95D}"
EndProject
Project("{FAE04EC0-301F-11D3-BF4B-00C04F79EFBC}") = "Battle Game", "Battle Game\Battle Game.csproj", "{5CB7CB80-C7B1-47CD-B350-F04E87092B8E}"
EndProject
Global
	GlobalSection(SolutionConfigurationPlatforms) = preSolution
		Debug|Any CPU = Debug|Any CPU
		Release|Any CPU = Release|Any CPU
	EndGlobalSection
	GlobalSection(ProjectConfigurationPlatforms) = postSolution
		{5B23BA4C-9AB2-420E-8863-66F5B904E95D}.Debug|Any CPU.ActiveCfg = Debug|Any CPU
		{5B23BA4C-9AB2-420E-8863-66F5B904E95D}.Debug|Any CPU.Build.0 = Debug|Any CPU
		{5B23BA4C-9AB2-420E-8863-66F5B904E95D}.Release|Any CPU.ActiveCfg = Release|Any CPU
		{5B23BA4C-9AB2-420E-8863-66F5B904E95D}.Release|Any CPU.Build.0 = Release|Any CPU
		{5CB7CB80-C7B1-47CD-B350-F04E87092B8E}.Debug|Any CPU.ActiveCfg = Debug|Any CPU
		{5CB7CB80-C7B1-47CD-B350-F04E87092B8E}.Debug|Any CPU.Build.0 = Debug|Any CPU
		{5CB7CB80-C7B1-47CD-B350-F04E87092B8E}.Release|Any CPU.ActiveCfg = Release|Any CPU
		{5CB7CB80-C7B1-47CD-B350-F04E87092B8E}.Release|Any CPU.Build.0 = Release|Any CPU
	EndGlobalSection
	GlobalSection(SolutionProperties) = preSolution
		HideSolutionNode = FALSE
	EndGlobalSection
	GlobalSection(ExtensibilityGlobals) = postSolution
		SolutionGuid = {4E20631F-7956-4DE1-9E43-E3B2547BD3E0}
	EndGlobalSection
EndGlobal
